PODS:
  - battery_plus (1.0.0):
    - Flutter
  - Flutter (1.0.0)
  - fplayer (0.0.1):
    - Flutter
    - fplayer-core (= 1.0.4)
  - fplayer-core (1.0.4)
  - screen_brightness_ios (0.1.0):
    - Flutter
  - shared_preferences_foundation (0.0.1):
    - Flutter
    - FlutterMacOS

DEPENDENCIES:
  - battery_plus (from `.symlinks/plugins/battery_plus/ios`)
  - Flutter (from `Flutter`)
  - fplayer (from `.symlinks/plugins/fplayer/ios`)
  - screen_brightness_ios (from `.symlinks/plugins/screen_brightness_ios/ios`)
  - shared_preferences_foundation (from `.symlinks/plugins/shared_preferences_foundation/darwin`)

SPEC REPOS:
  trunk:
    - fplayer-core

EXTERNAL SOURCES:
  battery_plus:
    :path: ".symlinks/plugins/battery_plus/ios"
  Flutter:
    :path: Flutter
  fplayer:
    :path: ".symlinks/plugins/fplayer/ios"
  screen_brightness_ios:
    :path: ".symlinks/plugins/screen_brightness_ios/ios"
  shared_preferences_foundation:
    :path: ".symlinks/plugins/shared_preferences_foundation/darwin"

SPEC CHECKSUMS:
  battery_plus: 7851ab482c336dd101ae735dc9363f01e1223c7c
  Flutter: f04841e97a9d0b0a8025694d0796dd46242b2854
  fplayer: 8faa429580eca9c07b871ed030635191f4aba292
  fplayer-core: b98b1e7a7a6bc771376ba6a1f660499389d8abf5
  screen_brightness_ios: 715ca807df953bf676d339f11464e438143ee625
  shared_preferences_foundation: b4c3b4cddf1c21f02770737f147a3f5da9d39695

PODFILE CHECKSUM: 663715e941f9adb426e33bf9376914006f9ea95b

COCOAPODS: 1.12.1
